
Microsoft Visual Studio Solution File, Format Version 11.00
# Visual Studio 2010
Project("{F184B08F-C81C-45F6-A57F-5ABD9991F28F}") = "Tracing", "Tracing\Tracing.vbproj", "{59EA5F14-E2DC-4D19-A1C9-E3A5FF5EE7E7}"
EndProject
Project("{F184B08F-C81C-45F6-A57F-5ABD9991F28F}") = "Licensing", "Licensing\Licensing.vbproj", "{B71AF608-8F2F-4F2D-910C-D4EBCC713FDB}"
EndProject
Project("{F184B08F-C81C-45F6-A57F-5ABD9991F28F}") = "FileTransfer", "FileTransfer\FileTransfer.vbproj", "{30A6157B-92EB-4FA5-8521-6F00255903BE}"
EndProject
Project("{F184B08F-C81C-45F6-A57F-5ABD9991F28F}") = "Test", "Test\Test.vbproj", "{CBE4070A-52CB-4D91-98B3-059BD3F44A3A}"
EndProject
Project("{F184B08F-C81C-45F6-A57F-5ABD9991F28F}") = "Config", "Config\Config.vbproj", "{308EE0CF-B84D-4643-826C-C84BEC965754}"
EndProject
Project("{F184B08F-C81C-45F6-A57F-5ABD9991F28F}") = "Security", "Security\Security.vbproj", "{0B47DF69-C85B-47DB-9DAB-C3D005C1ECCF}"
EndProject
Project("{F184B08F-C81C-45F6-A57F-5ABD9991F28F}") = "Setup", "Setup\Setup.vbproj", "{8AAC5441-CEDC-49F1-96E3-047591E5DB39}"
EndProject
Project("{F184B08F-C81C-45F6-A57F-5ABD9991F28F}") = "Directory", "Directory\Directory.vbproj", "{4BDDA18F-CF07-42F8-97ED-1605BC5EE5BA}"
EndProject
Project("{F184B08F-C81C-45F6-A57F-5ABD9991F28F}") = "ResetPassword", "ResetPassword\ResetPassword.vbproj", "{B2FE9ECC-3635-4C44-B856-D10C258E950C}"
EndProject
Project("{F184B08F-C81C-45F6-A57F-5ABD9991F28F}") = "Compression", "Compression\Compression.vbproj", "{9D0F3ECF-AF2E-4A59-9834-0E83D3E272D8}"
EndProject
Project("{F184B08F-C81C-45F6-A57F-5ABD9991F28F}") = "Scheduling", "Scheduling\Scheduling.vbproj", "{0CB7E45B-D6F8-4B83-BC5C-98DD4BE50D84}"
EndProject
Project("{F184B08F-C81C-45F6-A57F-5ABD9991F28F}") = "Encryption", "Encryption\Encryption.vbproj", "{F56561B8-2442-4085-AAA3-D13C9B7A4DED}"
EndProject
Project("{F184B08F-C81C-45F6-A57F-5ABD9991F28F}") = "InstallHelper", "InstallHelper\InstallHelper.vbproj", "{7F02CC8B-98F3-4D7C-949B-D036174E3ADE}"
EndProject
Project("{F184B08F-C81C-45F6-A57F-5ABD9991F28F}") = "XML", "XML\XML.vbproj", "{164EFBB0-C372-4604-BE39-817E7E716FF3}"
EndProject
Project("{F184B08F-C81C-45F6-A57F-5ABD9991F28F}") = "SQL", "SQL\SQL.vbproj", "{D8187EA2-CE6F-4EC6-9CA7-74A3FA2129E9}"
EndProject
Project("{F184B08F-C81C-45F6-A57F-5ABD9991F28F}") = "ZipFile", "ZipFile\ZipFile.vbproj", "{CBA53444-0FC3-488C-8D44-7DC367BDE81D}"
EndProject
Project("{F184B08F-C81C-45F6-A57F-5ABD9991F28F}") = "Common", "Common\Common.vbproj", "{1ADA0AF0-7AB5-4422-B254-251A960A9B28}"
EndProject
Project("{F184B08F-C81C-45F6-A57F-5ABD9991F28F}") = "Logging", "Logging\Logging.vbproj", "{B456B610-7C31-4B25-B875-4FBA4C34ECDF}"
EndProject
Project("{F184B08F-C81C-45F6-A57F-5ABD9991F28F}") = "Network", "Network\Network.vbproj", "{E4C3BB5C-1469-416D-9F01-5C1EC6850BDC}"
EndProject
Project("{F184B08F-C81C-45F6-A57F-5ABD9991F28F}") = "Email", "Email\Email.vbproj", "{457B726C-67B9-450E-8A9F-2A308F3D6D69}"
EndProject
Project("{F184B08F-C81C-45F6-A57F-5ABD9991F28F}") = "StatusEmail", "StatusEmail\StatusEmail.vbproj", "{D7F97484-AD4A-4431-95AD-BDA7551E2C2B}"
EndProject
Project("{F184B08F-C81C-45F6-A57F-5ABD9991F28F}") = "Math", "Math\Math.vbproj", "{107344CA-7136-48D4-B32E-77C1B26C5E7F}"
EndProject
Project("{F184B08F-C81C-45F6-A57F-5ABD9991F28F}") = "FleetManager", "FleetManager\FleetManager.vbproj", "{F399D84D-A253-4C88-9891-907A0347B41A}"
EndProject
Global
	GlobalSection(SolutionConfigurationPlatforms) = preSolution
		Debug|Any CPU = Debug|Any CPU
		Debug|x86 = Debug|x86
		Release|Any CPU = Release|Any CPU
		Release|x86 = Release|x86
	EndGlobalSection
	GlobalSection(ProjectConfigurationPlatforms) = postSolution
		{59EA5F14-E2DC-4D19-A1C9-E3A5FF5EE7E7}.Debug|Any CPU.ActiveCfg = Debug|Any CPU
		{59EA5F14-E2DC-4D19-A1C9-E3A5FF5EE7E7}.Debug|x86.ActiveCfg = Debug|x86
		{59EA5F14-E2DC-4D19-A1C9-E3A5FF5EE7E7}.Release|Any CPU.ActiveCfg = Release|Any CPU
		{59EA5F14-E2DC-4D19-A1C9-E3A5FF5EE7E7}.Release|Any CPU.Build.0 = Release|Any CPU
		{59EA5F14-E2DC-4D19-A1C9-E3A5FF5EE7E7}.Release|x86.ActiveCfg = Release|x86
		{59EA5F14-E2DC-4D19-A1C9-E3A5FF5EE7E7}.Release|x86.Build.0 = Release|x86
		{B71AF608-8F2F-4F2D-910C-D4EBCC713FDB}.Debug|Any CPU.ActiveCfg = Debug|Any CPU
		{B71AF608-8F2F-4F2D-910C-D4EBCC713FDB}.Debug|x86.ActiveCfg = Debug|x86
		{B71AF608-8F2F-4F2D-910C-D4EBCC713FDB}.Release|Any CPU.ActiveCfg = Release|Any CPU
		{B71AF608-8F2F-4F2D-910C-D4EBCC713FDB}.Release|Any CPU.Build.0 = Release|Any CPU
		{B71AF608-8F2F-4F2D-910C-D4EBCC713FDB}.Release|x86.ActiveCfg = Release|x86
		{B71AF608-8F2F-4F2D-910C-D4EBCC713FDB}.Release|x86.Build.0 = Release|x86
		{30A6157B-92EB-4FA5-8521-6F00255903BE}.Debug|Any CPU.ActiveCfg = Debug|Any CPU
		{30A6157B-92EB-4FA5-8521-6F00255903BE}.Debug|x86.ActiveCfg = Debug|x86
		{30A6157B-92EB-4FA5-8521-6F00255903BE}.Release|Any CPU.ActiveCfg = Release|Any CPU
		{30A6157B-92EB-4FA5-8521-6F00255903BE}.Release|Any CPU.Build.0 = Release|Any CPU
		{30A6157B-92EB-4FA5-8521-6F00255903BE}.Release|x86.ActiveCfg = Release|x86
		{30A6157B-92EB-4FA5-8521-6F00255903BE}.Release|x86.Build.0 = Release|x86
		{CBE4070A-52CB-4D91-98B3-059BD3F44A3A}.Debug|Any CPU.ActiveCfg = Debug|Any CPU
		{CBE4070A-52CB-4D91-98B3-059BD3F44A3A}.Debug|x86.ActiveCfg = Debug|x86
		{CBE4070A-52CB-4D91-98B3-059BD3F44A3A}.Debug|x86.Build.0 = Debug|x86
		{CBE4070A-52CB-4D91-98B3-059BD3F44A3A}.Release|Any CPU.ActiveCfg = Release|Any CPU
		{CBE4070A-52CB-4D91-98B3-059BD3F44A3A}.Release|Any CPU.Build.0 = Release|Any CPU
		{CBE4070A-52CB-4D91-98B3-059BD3F44A3A}.Release|x86.ActiveCfg = Release|x86
		{CBE4070A-52CB-4D91-98B3-059BD3F44A3A}.Release|x86.Build.0 = Release|x86
		{308EE0CF-B84D-4643-826C-C84BEC965754}.Debug|Any CPU.ActiveCfg = Debug|Any CPU
		{308EE0CF-B84D-4643-826C-C84BEC965754}.Debug|x86.ActiveCfg = Debug|x86
		{308EE0CF-B84D-4643-826C-C84BEC965754}.Release|Any CPU.ActiveCfg = Release|Any CPU
		{308EE0CF-B84D-4643-826C-C84BEC965754}.Release|Any CPU.Build.0 = Release|Any CPU
		{308EE0CF-B84D-4643-826C-C84BEC965754}.Release|x86.ActiveCfg = Release|x86
		{308EE0CF-B84D-4643-826C-C84BEC965754}.Release|x86.Build.0 = Release|x86
		{0B47DF69-C85B-47DB-9DAB-C3D005C1ECCF}.Debug|Any CPU.ActiveCfg = Debug|Any CPU
		{0B47DF69-C85B-47DB-9DAB-C3D005C1ECCF}.Debug|x86.ActiveCfg = Debug|x86
		{0B47DF69-C85B-47DB-9DAB-C3D005C1ECCF}.Release|Any CPU.ActiveCfg = Release|Any CPU
		{0B47DF69-C85B-47DB-9DAB-C3D005C1ECCF}.Release|Any CPU.Build.0 = Release|Any CPU
		{0B47DF69-C85B-47DB-9DAB-C3D005C1ECCF}.Release|x86.ActiveCfg = Release|x86
		{0B47DF69-C85B-47DB-9DAB-C3D005C1ECCF}.Release|x86.Build.0 = Release|x86
		{8AAC5441-CEDC-49F1-96E3-047591E5DB39}.Debug|Any CPU.ActiveCfg = Debug|Any CPU
		{8AAC5441-CEDC-49F1-96E3-047591E5DB39}.Debug|x86.ActiveCfg = Debug|x86
		{8AAC5441-CEDC-49F1-96E3-047591E5DB39}.Release|Any CPU.ActiveCfg = Release|Any CPU
		{8AAC5441-CEDC-49F1-96E3-047591E5DB39}.Release|Any CPU.Build.0 = Release|Any CPU
		{8AAC5441-CEDC-49F1-96E3-047591E5DB39}.Release|x86.ActiveCfg = Release|x86
		{8AAC5441-CEDC-49F1-96E3-047591E5DB39}.Release|x86.Build.0 = Release|x86
		{4BDDA18F-CF07-42F8-97ED-1605BC5EE5BA}.Debug|Any CPU.ActiveCfg = Debug|Any CPU
		{4BDDA18F-CF07-42F8-97ED-1605BC5EE5BA}.Debug|x86.ActiveCfg = Debug|x86
		{4BDDA18F-CF07-42F8-97ED-1605BC5EE5BA}.Release|Any CPU.ActiveCfg = Release|Any CPU
		{4BDDA18F-CF07-42F8-97ED-1605BC5EE5BA}.Release|Any CPU.Build.0 = Release|Any CPU
		{4BDDA18F-CF07-42F8-97ED-1605BC5EE5BA}.Release|x86.ActiveCfg = Release|x86
		{4BDDA18F-CF07-42F8-97ED-1605BC5EE5BA}.Release|x86.Build.0 = Release|x86
		{B2FE9ECC-3635-4C44-B856-D10C258E950C}.Debug|Any CPU.ActiveCfg = Debug|Any CPU
		{B2FE9ECC-3635-4C44-B856-D10C258E950C}.Debug|x86.ActiveCfg = Debug|x86
		{B2FE9ECC-3635-4C44-B856-D10C258E950C}.Release|Any CPU.ActiveCfg = Release|Any CPU
		{B2FE9ECC-3635-4C44-B856-D10C258E950C}.Release|Any CPU.Build.0 = Release|Any CPU
		{B2FE9ECC-3635-4C44-B856-D10C258E950C}.Release|x86.ActiveCfg = Release|x86
		{B2FE9ECC-3635-4C44-B856-D10C258E950C}.Release|x86.Build.0 = Release|x86
		{9D0F3ECF-AF2E-4A59-9834-0E83D3E272D8}.Debug|Any CPU.ActiveCfg = Debug|Any CPU
		{9D0F3ECF-AF2E-4A59-9834-0E83D3E272D8}.Debug|x86.ActiveCfg = Debug|x86
		{9D0F3ECF-AF2E-4A59-9834-0E83D3E272D8}.Release|Any CPU.ActiveCfg = Release|Any CPU
		{9D0F3ECF-AF2E-4A59-9834-0E83D3E272D8}.Release|Any CPU.Build.0 = Release|Any CPU
		{9D0F3ECF-AF2E-4A59-9834-0E83D3E272D8}.Release|x86.ActiveCfg = Release|x86
		{0CB7E45B-D6F8-4B83-BC5C-98DD4BE50D84}.Debug|Any CPU.ActiveCfg = Debug|Any CPU
		{0CB7E45B-D6F8-4B83-BC5C-98DD4BE50D84}.Debug|x86.ActiveCfg = Debug|x86
		{0CB7E45B-D6F8-4B83-BC5C-98DD4BE50D84}.Release|Any CPU.ActiveCfg = Release|Any CPU
		{0CB7E45B-D6F8-4B83-BC5C-98DD4BE50D84}.Release|Any CPU.Build.0 = Release|Any CPU
		{0CB7E45B-D6F8-4B83-BC5C-98DD4BE50D84}.Release|x86.ActiveCfg = Release|x86
		{0CB7E45B-D6F8-4B83-BC5C-98DD4BE50D84}.Release|x86.Build.0 = Release|x86
		{F56561B8-2442-4085-AAA3-D13C9B7A4DED}.Debug|Any CPU.ActiveCfg = Debug|Any CPU
		{F56561B8-2442-4085-AAA3-D13C9B7A4DED}.Debug|x86.ActiveCfg = Debug|x86
		{F56561B8-2442-4085-AAA3-D13C9B7A4DED}.Release|Any CPU.ActiveCfg = Release|Any CPU
		{F56561B8-2442-4085-AAA3-D13C9B7A4DED}.Release|Any CPU.Build.0 = Release|Any CPU
		{F56561B8-2442-4085-AAA3-D13C9B7A4DED}.Release|x86.ActiveCfg = Release|x86
		{F56561B8-2442-4085-AAA3-D13C9B7A4DED}.Release|x86.Build.0 = Release|x86
		{7F02CC8B-98F3-4D7C-949B-D036174E3ADE}.Debug|Any CPU.ActiveCfg = Debug|Any CPU
		{7F02CC8B-98F3-4D7C-949B-D036174E3ADE}.Debug|x86.ActiveCfg = Debug|x86
		{7F02CC8B-98F3-4D7C-949B-D036174E3ADE}.Release|Any CPU.ActiveCfg = Release|Any CPU
		{7F02CC8B-98F3-4D7C-949B-D036174E3ADE}.Release|Any CPU.Build.0 = Release|Any CPU
		{7F02CC8B-98F3-4D7C-949B-D036174E3ADE}.Release|x86.ActiveCfg = Release|x86
		{7F02CC8B-98F3-4D7C-949B-D036174E3ADE}.Release|x86.Build.0 = Release|x86
		{164EFBB0-C372-4604-BE39-817E7E716FF3}.Debug|Any CPU.ActiveCfg = Debug|Any CPU
		{164EFBB0-C372-4604-BE39-817E7E716FF3}.Debug|x86.ActiveCfg = Debug|x86
		{164EFBB0-C372-4604-BE39-817E7E716FF3}.Release|Any CPU.ActiveCfg = Release|Any CPU
		{164EFBB0-C372-4604-BE39-817E7E716FF3}.Release|Any CPU.Build.0 = Release|Any CPU
		{164EFBB0-C372-4604-BE39-817E7E716FF3}.Release|x86.ActiveCfg = Release|x86
		{164EFBB0-C372-4604-BE39-817E7E716FF3}.Release|x86.Build.0 = Release|x86
		{D8187EA2-CE6F-4EC6-9CA7-74A3FA2129E9}.Debug|Any CPU.ActiveCfg = Debug|Any CPU
		{D8187EA2-CE6F-4EC6-9CA7-74A3FA2129E9}.Debug|x86.ActiveCfg = Debug|x86
		{D8187EA2-CE6F-4EC6-9CA7-74A3FA2129E9}.Release|Any CPU.ActiveCfg = Release|Any CPU
		{D8187EA2-CE6F-4EC6-9CA7-74A3FA2129E9}.Release|Any CPU.Build.0 = Release|Any CPU
		{D8187EA2-CE6F-4EC6-9CA7-74A3FA2129E9}.Release|x86.ActiveCfg = Release|x86
		{D8187EA2-CE6F-4EC6-9CA7-74A3FA2129E9}.Release|x86.Build.0 = Release|x86
		{CBA53444-0FC3-488C-8D44-7DC367BDE81D}.Debug|Any CPU.ActiveCfg = Debug|Any CPU
		{CBA53444-0FC3-488C-8D44-7DC367BDE81D}.Debug|x86.ActiveCfg = Debug|x86
		{CBA53444-0FC3-488C-8D44-7DC367BDE81D}.Release|Any CPU.ActiveCfg = Release|Any CPU
		{CBA53444-0FC3-488C-8D44-7DC367BDE81D}.Release|Any CPU.Build.0 = Release|Any CPU
		{CBA53444-0FC3-488C-8D44-7DC367BDE81D}.Release|x86.ActiveCfg = Release|x86
		{CBA53444-0FC3-488C-8D44-7DC367BDE81D}.Release|x86.Build.0 = Release|x86
		{1ADA0AF0-7AB5-4422-B254-251A960A9B28}.Debug|Any CPU.ActiveCfg = Debug|Any CPU
		{1ADA0AF0-7AB5-4422-B254-251A960A9B28}.Debug|x86.ActiveCfg = Debug|x86
		{1ADA0AF0-7AB5-4422-B254-251A960A9B28}.Release|Any CPU.ActiveCfg = Release|Any CPU
		{1ADA0AF0-7AB5-4422-B254-251A960A9B28}.Release|Any CPU.Build.0 = Release|Any CPU
		{1ADA0AF0-7AB5-4422-B254-251A960A9B28}.Release|x86.ActiveCfg = Release|x86
		{1ADA0AF0-7AB5-4422-B254-251A960A9B28}.Release|x86.Build.0 = Release|x86
		{B456B610-7C31-4B25-B875-4FBA4C34ECDF}.Debug|Any CPU.ActiveCfg = Debug|Any CPU
		{B456B610-7C31-4B25-B875-4FBA4C34ECDF}.Debug|x86.ActiveCfg = Debug|x86
		{B456B610-7C31-4B25-B875-4FBA4C34ECDF}.Release|Any CPU.ActiveCfg = Release|Any CPU
		{B456B610-7C31-4B25-B875-4FBA4C34ECDF}.Release|Any CPU.Build.0 = Release|Any CPU
		{B456B610-7C31-4B25-B875-4FBA4C34ECDF}.Release|x86.ActiveCfg = Release|x86
		{B456B610-7C31-4B25-B875-4FBA4C34ECDF}.Release|x86.Build.0 = Release|x86
		{E4C3BB5C-1469-416D-9F01-5C1EC6850BDC}.Debug|Any CPU.ActiveCfg = Debug|Any CPU
		{E4C3BB5C-1469-416D-9F01-5C1EC6850BDC}.Debug|x86.ActiveCfg = Debug|x86
		{E4C3BB5C-1469-416D-9F01-5C1EC6850BDC}.Debug|x86.Build.0 = Debug|x86
		{E4C3BB5C-1469-416D-9F01-5C1EC6850BDC}.Release|Any CPU.ActiveCfg = Release|Any CPU
		{E4C3BB5C-1469-416D-9F01-5C1EC6850BDC}.Release|Any CPU.Build.0 = Release|Any CPU
		{E4C3BB5C-1469-416D-9F01-5C1EC6850BDC}.Release|x86.ActiveCfg = Release|x86
		{E4C3BB5C-1469-416D-9F01-5C1EC6850BDC}.Release|x86.Build.0 = Release|x86
		{457B726C-67B9-450E-8A9F-2A308F3D6D69}.Debug|Any CPU.ActiveCfg = Debug|Any CPU
		{457B726C-67B9-450E-8A9F-2A308F3D6D69}.Debug|Any CPU.Build.0 = Debug|Any CPU
		{457B726C-67B9-450E-8A9F-2A308F3D6D69}.Debug|x86.ActiveCfg = Debug|Any CPU
		{457B726C-67B9-450E-8A9F-2A308F3D6D69}.Release|Any CPU.ActiveCfg = Release|Any CPU
		{457B726C-67B9-450E-8A9F-2A308F3D6D69}.Release|Any CPU.Build.0 = Release|Any CPU
		{457B726C-67B9-450E-8A9F-2A308F3D6D69}.Release|x86.ActiveCfg = Release|Any CPU
		{D7F97484-AD4A-4431-95AD-BDA7551E2C2B}.Debug|Any CPU.ActiveCfg = Debug|Any CPU
		{D7F97484-AD4A-4431-95AD-BDA7551E2C2B}.Debug|x86.ActiveCfg = Debug|Any CPU
		{D7F97484-AD4A-4431-95AD-BDA7551E2C2B}.Release|Any CPU.ActiveCfg = Release|Any CPU
		{D7F97484-AD4A-4431-95AD-BDA7551E2C2B}.Release|Any CPU.Build.0 = Release|Any CPU
		{D7F97484-AD4A-4431-95AD-BDA7551E2C2B}.Release|x86.ActiveCfg = Release|Any CPU
		{107344CA-7136-48D4-B32E-77C1B26C5E7F}.Debug|Any CPU.ActiveCfg = Debug|Any CPU
		{107344CA-7136-48D4-B32E-77C1B26C5E7F}.Debug|x86.ActiveCfg = Debug|Any CPU
		{107344CA-7136-48D4-B32E-77C1B26C5E7F}.Release|Any CPU.ActiveCfg = Release|Any CPU
		{107344CA-7136-48D4-B32E-77C1B26C5E7F}.Release|Any CPU.Build.0 = Release|Any CPU
		{107344CA-7136-48D4-B32E-77C1B26C5E7F}.Release|x86.ActiveCfg = Release|Any CPU
		{F399D84D-A253-4C88-9891-907A0347B41A}.Debug|Any CPU.ActiveCfg = Debug|Any CPU
		{F399D84D-A253-4C88-9891-907A0347B41A}.Debug|x86.ActiveCfg = Debug|Any CPU
		{F399D84D-A253-4C88-9891-907A0347B41A}.Release|Any CPU.ActiveCfg = Release|Any CPU
		{F399D84D-A253-4C88-9891-907A0347B41A}.Release|Any CPU.Build.0 = Release|Any CPU
		{F399D84D-A253-4C88-9891-907A0347B41A}.Release|x86.ActiveCfg = Release|Any CPU
	EndGlobalSection
	GlobalSection(SolutionProperties) = preSolution
		HideSolutionNode = FALSE
	EndGlobalSection
	GlobalSection(ExtensibilityGlobals) = postSolution
		BuildVersion_UseGlobalSettings = True
	EndGlobalSection
EndGlobal
